<?xml version="1.0"?>
<CONFIG>
  <ProjectOptions>
    <Version Value="9"/>
    <PathDelim Value="\"/>
    <General>
      <SessionStorage Value="InProjectDir"/>
      <MainUnit Value="0"/>
      <Title Value="itfx IMS management console"/>
      <ResourceType Value="res"/>
      <UseXPManifest Value="True"/>
      <Icon Value="0"/>
    </General>
    <i18n>
      <EnableI18N LFM="False"/>
    </i18n>
    <VersionInfo>
      <StringTable ProductVersion=""/>
    </VersionInfo>
    <BuildModes Count="1">
      <Item1 Name="Default" Default="True"/>
    </BuildModes>
    <PublishOptions>
      <Version Value="2"/>
      <IncludeFileFilter Value="*.(pas|pp|inc|lfm|lpr|lrs|lpi|lpk|sh|xml)"/>
      <ExcludeFileFilter Value="*.(bak|ppu|o|so);*~;backup"/>
    </PublishOptions>
    <RunParams>
      <local>
        <FormatVersion Value="1"/>
      </local>
    </RunParams>
    <RequiredPackages Count="2">
      <Item1>
        <PackageName Value="FCL"/>
      </Item1>
      <Item2>
        <PackageName Value="LCL"/>
      </Item2>
    </RequiredPackages>
    <Units Count="25">
      <Unit0>
        <Filename Value="mc.lpr"/>
        <IsPartOfProject Value="True"/>
        <UnitName Value="mc"/>
      </Unit0>
      <Unit1>
        <Filename Value="umain.pas"/>
        <IsPartOfProject Value="True"/>
        <ComponentName Value="fMain"/>
        <HasResources Value="True"/>
        <ResourceBaseClass Value="Form"/>
        <UnitName Value="uMain"/>
      </Unit1>
      <Unit2>
        <Filename Value="ulogin.pas"/>
        <IsPartOfProject Value="True"/>
        <ComponentName Value="fLogin"/>
        <HasResources Value="True"/>
        <ResourceBaseClass Value="Form"/>
        <UnitName Value="uLogin"/>
      </Unit2>
      <Unit3>
        <Filename Value="unetwork.pas"/>
        <IsPartOfProject Value="True"/>
        <UnitName Value="uNetwork"/>
      </Unit3>
      <Unit4>
        <Filename Value="ucrypt.pas"/>
        <IsPartOfProject Value="True"/>
        <UnitName Value="uCrypt"/>
      </Unit4>
      <Unit5>
        <Filename Value="userversettings.pas"/>
        <IsPartOfProject Value="True"/>
        <ComponentName Value="fServerSettings"/>
        <HasResources Value="True"/>
        <ResourceBaseClass Value="Form"/>
        <UnitName Value="uServerSettings"/>
      </Unit5>
      <Unit6>
        <Filename Value="uscheditor.pas"/>
        <IsPartOfProject Value="True"/>
        <ComponentName Value="fSchEditor"/>
        <HasResources Value="True"/>
        <ResourceBaseClass Value="Form"/>
        <UnitName Value="uSchEditor"/>
      </Unit6>
      <Unit7>
        <Filename Value="ustrutils.pas"/>
        <IsPartOfProject Value="True"/>
        <UnitName Value="uStrUtils"/>
      </Unit7>
      <Unit8>
        <Filename Value="ueditevent.pas"/>
        <IsPartOfProject Value="True"/>
        <ComponentName Value="fEditEvent"/>
        <HasResources Value="True"/>
        <ResourceBaseClass Value="Form"/>
        <UnitName Value="uEditEvent"/>
      </Unit8>
      <Unit9>
        <Filename Value="uselecteventtype.pas"/>
        <IsPartOfProject Value="True"/>
        <ComponentName Value="fSelectEventType"/>
        <HasResources Value="True"/>
        <ResourceBaseClass Value="Form"/>
        <UnitName Value="uSelectEventType"/>
      </Unit9>
      <Unit10>
        <Filename Value="ucustomtypes.pas"/>
        <IsPartOfProject Value="True"/>
        <UnitName Value="uCustomTypes"/>
      </Unit10>
      <Unit11>
        <Filename Value="uselectportnumber.pas"/>
        <IsPartOfProject Value="True"/>
        <ComponentName Value="fSelectPort"/>
        <HasResources Value="True"/>
        <ResourceBaseClass Value="Form"/>
        <UnitName Value="uSelectPortNumber"/>
      </Unit11>
      <Unit12>
        <Filename Value="uselecthttpheader.pas"/>
        <IsPartOfProject Value="True"/>
        <ComponentName Value="fSelectHTTPHeader"/>
        <HasResources Value="True"/>
        <ResourceBaseClass Value="Form"/>
        <UnitName Value="uSelectHTTPHeader"/>
      </Unit12>
      <Unit13>
        <Filename Value="ubcheditor.pas"/>
        <IsPartOfProject Value="True"/>
        <ComponentName Value="fBchEditor"/>
        <HasResources Value="True"/>
        <ResourceBaseClass Value="Form"/>
        <UnitName Value="uBchEditor"/>
      </Unit13>
      <Unit14>
        <Filename Value="ueditbatch.pas"/>
        <IsPartOfProject Value="True"/>
        <ComponentName Value="fBatchEdit"/>
        <HasResources Value="True"/>
        <ResourceBaseClass Value="Form"/>
        <UnitName Value="uEditBatch"/>
      </Unit14>
      <Unit15>
        <Filename Value="ueditbatchelement.pas"/>
        <IsPartOfProject Value="True"/>
        <ComponentName Value="fEditBatchElement"/>
        <HasResources Value="True"/>
        <ResourceBaseClass Value="Form"/>
        <UnitName Value="uEditBatchElement"/>
      </Unit15>
      <Unit16>
        <Filename Value="ueventclassifier.pas"/>
        <IsPartOfProject Value="True"/>
        <UnitName Value="uEventClassifier"/>
      </Unit16>
      <Unit17>
        <Filename Value="uselectsubnet.pas"/>
        <IsPartOfProject Value="True"/>
        <ComponentName Value="fSelectSubnet"/>
        <HasResources Value="True"/>
        <ResourceBaseClass Value="Form"/>
        <UnitName Value="uSelectSubnet"/>
      </Unit17>
      <Unit18>
        <Filename Value="ueditalarmtemplate.pas"/>
        <IsPartOfProject Value="True"/>
        <ComponentName Value="fEditAlarmTemplate"/>
        <HasResources Value="True"/>
        <ResourceBaseClass Value="Form"/>
        <UnitName Value="uEditAlarmTemplate"/>
      </Unit18>
      <Unit19>
        <Filename Value="ualarmtemplateeditor.pas"/>
        <IsPartOfProject Value="True"/>
        <ComponentName Value="fAlarmTemplateEditor"/>
        <HasResources Value="True"/>
        <ResourceBaseClass Value="Form"/>
        <UnitName Value="uAlarmTemplateEditor"/>
      </Unit19>
      <Unit20>
        <Filename Value="ueditalarmelement.pas"/>
        <IsPartOfProject Value="True"/>
        <ComponentName Value="fEditAlarmElement"/>
        <HasResources Value="True"/>
        <ResourceBaseClass Value="Form"/>
        <UnitName Value="uEditAlarmElement"/>
      </Unit20>
      <Unit21>
        <Filename Value="ureportsettings.pas"/>
        <IsPartOfProject Value="True"/>
        <ComponentName Value="fReportSettings"/>
        <HasResources Value="True"/>
        <ResourceBaseClass Value="Form"/>
        <UnitName Value="uReportSettings"/>
      </Unit21>
      <Unit22>
        <Filename Value="urtm.pas"/>
        <IsPartOfProject Value="True"/>
        <ComponentName Value="fRTM"/>
        <HasResources Value="True"/>
        <ResourceBaseClass Value="Form"/>
        <UnitName Value="uRTM"/>
      </Unit22>
      <Unit23>
        <Filename Value="usaverestorepositionandsize.pas"/>
        <IsPartOfProject Value="True"/>
        <UnitName Value="uSaveRestorePositionAndSize"/>
      </Unit23>
      <Unit24>
        <Filename Value="upath.pas"/>
        <IsPartOfProject Value="True"/>
        <UnitName Value="uPath"/>
      </Unit24>
    </Units>
  </ProjectOptions>
  <CompilerOptions>
    <Version Value="11"/>
    <PathDelim Value="\"/>
    <Target>
      <Filename Value="mc"/>
    </Target>
    <SearchPaths>
      <IncludeFiles Value="$(ProjOutDir)"/>
      <UnitOutputDirectory Value="lib\$(TargetCPU)-$(TargetOS)"/>
    </SearchPaths>
    <Linking>
      <Options>
        <Win32>
          <GraphicApplication Value="True"/>
        </Win32>
      </Options>
    </Linking>
    <Other>
      <CompilerMessages>
        <MsgFileName Value=""/>
      </CompilerMessages>
      <CompilerPath Value="$(CompPath)"/>
    </Other>
  </CompilerOptions>
  <Debugging>
    <Exceptions Count="3">
      <Item1>
        <Name Value="EAbort"/>
      </Item1>
      <Item2>
        <Name Value="ECodetoolError"/>
      </Item2>
      <Item3>
        <Name Value="EFOpenError"/>
      </Item3>
    </Exceptions>
  </Debugging>
</CONFIG>
